// !$*UTF8*$!
{
	archiveVersion = 1;
	classes = {
	};
	objectVersion = 55;
	objects = {

/* Begin PBXBuildFile section */
		DD2B057B27ECF5C500376E2A /* Settings.bundle in Resources */ = {isa = PBXBuildFile; fileRef = DD2B057A27ECF5C400376E2A /* Settings.bundle */; };
		DDED8B4E27EC72920057D477 /* AppDelegate.swift in Sources */ = {isa = PBXBuildFile; fileRef = DDED8B4D27EC72920057D477 /* AppDelegate.swift */; };
		DDED8B5027EC72920057D477 /* SceneDelegate.swift in Sources */ = {isa = PBXBuildFile; fileRef = DDED8B4F27EC72920057D477 /* SceneDelegate.swift */; };
		DDED8B5227EC72920057D477 /* ViewController.swift in Sources */ = {isa = PBXBuildFile; fileRef = DDED8B5127EC72920057D477 /* ViewController.swift */; };
		DDED8B5527EC72920057D477 /* Main.storyboard in Resources */ = {isa = PBXBuildFile; fileRef = DDED8B5327EC72920057D477 /* Main.storyboard */; };
		DDED8B5727EC72930057D477 /* Assets.xcassets in Resources */ = {isa = PBXBuildFile; fileRef = DDED8B5627EC72930057D477 /* Assets.xcassets */; };
		DDED8B5A27EC72930057D477 /* LaunchScreen.storyboard in Resources */ = {isa = PBXBuildFile; fileRef = DDED8B5827EC72930057D477 /* LaunchScreen.storyboard */; };
		DDED8B6527EC72930057D477 /* SchabiTests.swift in Sources */ = {isa = PBXBuildFile; fileRef = DDED8B6427EC72930057D477 /* SchabiTests.swift */; };
		DDED8B6F27EC72930057D477 /* SchabiUITests.swift in Sources */ = {isa = PBXBuildFile; fileRef = DDED8B6E27EC72930057D477 /* SchabiUITests.swift */; };
		DDED8B7127EC72930057D477 /* SchabiUITestsLaunchTests.swift in Sources */ = {isa = PBXBuildFile; fileRef = DDED8B7027EC72930057D477 /* SchabiUITestsLaunchTests.swift */; };
/* End PBXBuildFile section */

/* Begin PBXContainerItemProxy section */
		DDED8B6127EC72930057D477 /* PBXContainerItemProxy */ = {
			isa = PBXContainerItemProxy;
			containerPortal = DDED8B4227EC72920057D477 /* Project object */;
			proxyType = 1;
			remoteGlobalIDString = DDED8B4927EC72920057D477;
			remoteInfo = Schabi;
		};
		DDED8B6B27EC72930057D477 /* PBXContainerItemProxy */ = {
			isa = PBXContainerItemProxy;
			containerPortal = DDED8B4227EC72920057D477 /* Project object */;
			proxyType = 1;
			remoteGlobalIDString = DDED8B4927EC72920057D477;
			remoteInfo = Schabi;
		};
/* End PBXContainerItemProxy section */

/* Begin PBXFileReference section */
		DD2B057627ECD9DA00376E2A /* SchabiRelease.entitlements */ = {isa = PBXFileReference; lastKnownFileType = text.plist.entitlements; path = SchabiRelease.entitlements; sourceTree = "<group>"; };
		DD2B057727ECD9F500376E2A /* SchabiDebug.entitlements */ = {isa = PBXFileReference; lastKnownFileType = text.plist.entitlements; path = SchabiDebug.entitlements; sourceTree = "<group>"; };
		DD2B057827ECE08C00376E2A /* KeychainSwift.xcframework */ = {isa = PBXFileReference; lastKnownFileType = wrapper.xcframework; name = KeychainSwift.xcframework; path = Carthage/Build/KeychainSwift.xcframework; sourceTree = "<group>"; };
		DD2B057A27ECF5C400376E2A /* Settings.bundle */ = {isa = PBXFileReference; lastKnownFileType = "wrapper.plug-in"; path = Settings.bundle; sourceTree = "<group>"; };
		DDED8B4A27EC72920057D477 /* Schabi.app */ = {isa = PBXFileReference; explicitFileType = wrapper.application; includeInIndex = 0; path = Schabi.app; sourceTree = BUILT_PRODUCTS_DIR; };
		DDED8B4D27EC72920057D477 /* AppDelegate.swift */ = {isa = PBXFileReference; lastKnownFileType = sourcecode.swift; path = AppDelegate.swift; sourceTree = "<group>"; };
		DDED8B4F27EC72920057D477 /* SceneDelegate.swift */ = {isa = PBXFileReference; lastKnownFileType = sourcecode.swift; path = SceneDelegate.swift; sourceTree = "<group>"; };
		DDED8B5127EC72920057D477 /* ViewController.swift */ = {isa = PBXFileReference; lastKnownFileType = sourcecode.swift; path = ViewController.swift; sourceTree = "<group>"; };
		DDED8B5427EC72920057D477 /* Base */ = {isa = PBXFileReference; lastKnownFileType = file.storyboard; name = Base; path = Base.lproj/Main.storyboard; sourceTree = "<group>"; };
		DDED8B5627EC72930057D477 /* Assets.xcassets */ = {isa = PBXFileReference; lastKnownFileType = folder.assetcatalog; path = Assets.xcassets; sourceTree = "<group>"; };
		DDED8B5927EC72930057D477 /* Base */ = {isa = PBXFileReference; lastKnownFileType = file.storyboard; name = Base; path = Base.lproj/LaunchScreen.storyboard; sourceTree = "<group>"; };
		DDED8B5B27EC72930057D477 /* Info.plist */ = {isa = PBXFileReference; lastKnownFileType = text.plist.xml; path = Info.plist; sourceTree = "<group>"; };
		DDED8B6027EC72930057D477 /* SchabiTests.xctest */ = {isa = PBXFileReference; explicitFileType = wrapper.cfbundle; includeInIndex = 0; path = SchabiTests.xctest; sourceTree = BUILT_PRODUCTS_DIR; };
		DDED8B6427EC72930057D477 /* SchabiTests.swift */ = {isa = PBXFileReference; lastKnownFileType = sourcecode.swift; path = SchabiTests.swift; sourceTree = "<group>"; };
		DDED8B6A27EC72930057D477 /* SchabiUITests.xctest */ = {isa = PBXFileReference; explicitFileType = wrapper.cfbundle; includeInIndex = 0; path = SchabiUITests.xctest; sourceTree = BUILT_PRODUCTS_DIR; };
		DDED8B6E27EC72930057D477 /* SchabiUITests.swift */ = {isa = PBXFileReference; lastKnownFileType = sourcecode.swift; path = SchabiUITests.swift; sourceTree = "<group>"; };
		DDED8B7027EC72930057D477 /* SchabiUITestsLaunchTests.swift */ = {isa = PBXFileReference; lastKnownFileType = sourcecode.swift; path = SchabiUITestsLaunchTests.swift; sourceTree = "<group>"; };
/* End PBXFileReference section */

/* Begin PBXFrameworksBuildPhase section */
		DDED8B4727EC72920057D477 /* Frameworks */ = {
			isa = PBXFrameworksBuildPhase;
			buildActionMask = 2147483647;
			files = (
			);
			runOnlyForDeploymentPostprocessing = 0;
		};
		DDED8B5D27EC72930057D477 /* Frameworks */ = {
			isa = PBXFrameworksBuildPhase;
			buildActionMask = 2147483647;
			files = (
			);
			runOnlyForDeploymentPostprocessing = 0;
		};
		DDED8B6727EC72930057D477 /* Frameworks */ = {
			isa = PBXFrameworksBuildPhase;
			buildActionMask = 2147483647;
			files = (
			);
			runOnlyForDeploymentPostprocessing = 0;
		};
/* End PBXFrameworksBuildPhase section */

/* Begin PBXGroup section */
		6116022B9DC6E8803BADE631 /* Frameworks */ = {
			isa = PBXGroup;
			children = (
				DD2B057827ECE08C00376E2A /* KeychainSwift.xcframework */,
			);
			name = Frameworks;
			sourceTree = "<group>";
		};
		DDED8B4127EC72920057D477 = {
			isa = PBXGroup;
			children = (
				DDED8B4C27EC72920057D477 /* Schabi */,
				DDED8B6327EC72930057D477 /* SchabiTests */,
				DDED8B6D27EC72930057D477 /* SchabiUITests */,
				DDED8B4B27EC72920057D477 /* Products */,
				6116022B9DC6E8803BADE631 /* Frameworks */,
			);
			sourceTree = "<group>";
		};
		DDED8B4B27EC72920057D477 /* Products */ = {
			isa = PBXGroup;
			children = (
				DDED8B4A27EC72920057D477 /* Schabi.app */,
				DDED8B6027EC72930057D477 /* SchabiTests.xctest */,
				DDED8B6A27EC72930057D477 /* SchabiUITests.xctest */,
			);
			name = Products;
			sourceTree = "<group>";
		};
		DDED8B4C27EC72920057D477 /* Schabi */ = {
			isa = PBXGroup;
			children = (
				DD2B057727ECD9F500376E2A /* SchabiDebug.entitlements */,
				DD2B057627ECD9DA00376E2A /* SchabiRelease.entitlements */,
				DDED8B4D27EC72920057D477 /* AppDelegate.swift */,
				DDED8B4F27EC72920057D477 /* SceneDelegate.swift */,
				DDED8B5127EC72920057D477 /* ViewController.swift */,
				DD2B057A27ECF5C400376E2A /* Settings.bundle */,
				DDED8B5327EC72920057D477 /* Main.storyboard */,
				DDED8B5627EC72930057D477 /* Assets.xcassets */,
				DDED8B5827EC72930057D477 /* LaunchScreen.storyboard */,
				DDED8B5B27EC72930057D477 /* Info.plist */,
			);
			path = Schabi;
			sourceTree = "<group>";
		};
		DDED8B6327EC72930057D477 /* SchabiTests */ = {
			isa = PBXGroup;
			children = (
				DDED8B6427EC72930057D477 /* SchabiTests.swift */,
			);
			path = SchabiTests;
			sourceTree = "<group>";
		};
		DDED8B6D27EC72930057D477 /* SchabiUITests */ = {
			isa = PBXGroup;
			children = (
				DDED8B6E27EC72930057D477 /* SchabiUITests.swift */,
				DDED8B7027EC72930057D477 /* SchabiUITestsLaunchTests.swift */,
			);
			path = SchabiUITests;
			sourceTree = "<group>";
		};
/* End PBXGroup section */

/* Begin PBXNativeTarget section */
		DDED8B4927EC72920057D477 /* Schabi */ = {
			isa = PBXNativeTarget;
			buildConfigurationList = DDED8B7427EC72930057D477 /* Build configuration list for PBXNativeTarget "Schabi" */;
			buildPhases = (
				DDED8B4627EC72920057D477 /* Sources */,
				DDED8B4727EC72920057D477 /* Frameworks */,
				DDED8B4827EC72920057D477 /* Resources */,
			);
			buildRules = (
			);
			dependencies = (
			);
			name = Schabi;
			productName = Schabi;
			productReference = DDED8B4A27EC72920057D477 /* Schabi.app */;
			productType = "com.apple.product-type.application";
		};
		DDED8B5F27EC72930057D477 /* SchabiTests */ = {
			isa = PBXNativeTarget;
			buildConfigurationList = DDED8B7727EC72930057D477 /* Build configuration list for PBXNativeTarget "SchabiTests" */;
			buildPhases = (
				DDED8B5C27EC72930057D477 /* Sources */,
				DDED8B5D27EC72930057D477 /* Frameworks */,
				DDED8B5E27EC72930057D477 /* Resources */,
			);
			buildRules = (
			);
			dependencies = (
				DDED8B6227EC72930057D477 /* PBXTargetDependency */,
			);
			name = SchabiTests;
			productName = SchabiTests;
			productReference = DDED8B6027EC72930057D477 /* SchabiTests.xctest */;
			productType = "com.apple.product-type.bundle.unit-test";
		};
		DDED8B6927EC72930057D477 /* SchabiUITests */ = {
			isa = PBXNativeTarget;
			buildConfigurationList = DDED8B7A27EC72930057D477 /* Build configuration list for PBXNativeTarget "SchabiUITests" */;
			buildPhases = (
				DDED8B6627EC72930057D477 /* Sources */,
				DDED8B6727EC72930057D477 /* Frameworks */,
				DDED8B6827EC72930057D477 /* Resources */,
			);
			buildRules = (
			);
			dependencies = (
				DDED8B6C27EC72930057D477 /* PBXTargetDependency */,
			);
			name = SchabiUITests;
			productName = SchabiUITests;
			productReference = DDED8B6A27EC72930057D477 /* SchabiUITests.xctest */;
			productType = "com.apple.product-type.bundle.ui-testing";
		};
/* End PBXNativeTarget section */

/* Begin PBXProject section */
		DDED8B4227EC72920057D477 /* Project object */ = {
			isa = PBXProject;
			attributes = {
				BuildIndependentTargetsInParallel = 1;
				LastSwiftUpdateCheck = 1320;
				LastUpgradeCheck = 1320;
				TargetAttributes = {
					DDED8B4927EC72920057D477 = {
						CreatedOnToolsVersion = 13.2.1;
					};
					DDED8B5F27EC72930057D477 = {
						CreatedOnToolsVersion = 13.2.1;
						TestTargetID = DDED8B4927EC72920057D477;
					};
					DDED8B6927EC72930057D477 = {
						CreatedOnToolsVersion = 13.2.1;
						TestTargetID = DDED8B4927EC72920057D477;
					};
				};
			};
			buildConfigurationList = DDED8B4527EC72920057D477 /* Build configuration list for PBXProject "Schabi" */;
			compatibilityVersion = "Xcode 13.0";
			developmentRegion = en;
			hasScannedForEncodings = 0;
			knownRegions = (
				en,
				Base,
			);
			mainGroup = DDED8B4127EC72920057D477;
			productRefGroup = DDED8B4B27EC72920057D477 /* Products */;
			projectDirPath = "";
			projectRoot = "";
			targets = (
				DDED8B4927EC72920057D477 /* Schabi */,
				DDED8B5F27EC72930057D477 /* SchabiTests */,
				DDED8B6927EC72930057D477 /* SchabiUITests */,
			);
		};
/* End PBXProject section */

/* Begin PBXResourcesBuildPhase section */
		DDED8B4827EC72920057D477 /* Resources */ = {
			isa = PBXResourcesBuildPhase;
			buildActionMask = 2147483647;
			files = (
				DD2B057B27ECF5C500376E2A /* Settings.bundle in Resources */,
				DDED8B5A27EC72930057D477 /* LaunchScreen.storyboard in Resources */,
				DDED8B5727EC72930057D477 /* Assets.xcassets in Resources */,
				DDED8B5527EC72920057D477 /* Main.storyboard in Resources */,
			);
			runOnlyForDeploymentPostprocessing = 0;
		};
		DDED8B5E27EC72930057D477 /* Resources */ = {
			isa = PBXResourcesBuildPhase;
			buildActionMask = 2147483647;
			files = (
			);
			runOnlyForDeploymentPostprocessing = 0;
		};
		DDED8B6827EC72930057D477 /* Resources */ = {
			isa = PBXResourcesBuildPhase;
			buildActionMask = 2147483647;
			files = (
			);
			runOnlyForDeploymentPostprocessing = 0;
		};
/* End PBXResourcesBuildPhase section */

/* Begin PBXSourcesBuildPhase section */
		DDED8B4627EC72920057D477 /* Sources */ = {
			isa = PBXSourcesBuildPhase;
			buildActionMask = 2147483647;
			files = (
				DDED8B5227EC72920057D477 /* ViewController.swift in Sources */,
				DDED8B4E27EC72920057D477 /* AppDelegate.swift in Sources */,
				DDED8B5027EC72920057D477 /* SceneDelegate.swift in Sources */,
			);
			runOnlyForDeploymentPostprocessing = 0;
		};
		DDED8B5C27EC72930057D477 /* Sources */ = {
			isa = PBXSourcesBuildPhase;
			buildActionMask = 2147483647;
			files = (
				DDED8B6527EC72930057D477 /* SchabiTests.swift in Sources */,
			);
			runOnlyForDeploymentPostprocessing = 0;
		};
		DDED8B6627EC72930057D477 /* Sources */ = {
			isa = PBXSourcesBuildPhase;
			buildActionMask = 2147483647;
			files = (
				DDED8B7127EC72930057D477 /* SchabiUITestsLaunchTests.swift in Sources */,
				DDED8B6F27EC72930057D477 /* SchabiUITests.swift in Sources */,
			);
			runOnlyForDeploymentPostprocessing = 0;
		};
/* End PBXSourcesBuildPhase section */

/* Begin PBXTargetDependency section */
		DDED8B6227EC72930057D477 /* PBXTargetDependency */ = {
			isa = PBXTargetDependency;
			target = DDED8B4927EC72920057D477 /* Schabi */;
			targetProxy = DDED8B6127EC72930057D477 /* PBXContainerItemProxy */;
		};
		DDED8B6C27EC72930057D477 /* PBXTargetDependency */ = {
			isa = PBXTargetDependency;
			target = DDED8B4927EC72920057D477 /* Schabi */;
			targetProxy = DDED8B6B27EC72930057D477 /* PBXContainerItemProxy */;
		};
/* End PBXTargetDependency section */

/* Begin PBXVariantGroup section */
		DDED8B5327EC72920057D477 /* Main.storyboard */ = {
			isa = PBXVariantGroup;
			children = (
				DDED8B5427EC72920057D477 /* Base */,
			);
			name = Main.storyboard;
			sourceTree = "<group>";
		};
		DDED8B5827EC72930057D477 /* LaunchScreen.storyboard */ = {
			isa = PBXVariantGroup;
			children = (
				DDED8B5927EC72930057D477 /* Base */,
			);
			name = LaunchScreen.storyboard;
			sourceTree = "<group>";
		};
/* End PBXVariantGroup section */

/* Begin XCBuildConfiguration section */
		DDED8B7227EC72930057D477 /* Debug */ = {
			isa = XCBuildConfiguration;
			buildSettings = {
				ALWAYS_SEARCH_USER_PATHS = NO;
				CLANG_ANALYZER_NONNULL = YES;
				CLANG_ANALYZER_NUMBER_OBJECT_CONVERSION = YES_AGGRESSIVE;
				CLANG_CXX_LANGUAGE_STANDARD = "gnu++17";
				CLANG_CXX_LIBRARY = "libc++";
				CLANG_ENABLE_MODULES = YES;
				CLANG_ENABLE_OBJC_ARC = YES;
				CLANG_ENABLE_OBJC_WEAK = YES;
				CLANG_WARN_BLOCK_CAPTURE_AUTORELEASING = YES;
				CLANG_WARN_BOOL_CONVERSION = YES;
				CLANG_WARN_COMMA = YES;
				CLANG_WARN_CONSTANT_CONVERSION = YES;
				CLANG_WARN_DEPRECATED_OBJC_IMPLEMENTATIONS = YES;
				CLANG_WARN_DIRECT_OBJC_ISA_USAGE = YES_ERROR;
				CLANG_WARN_DOCUMENTATION_COMMENTS = YES;
				CLANG_WARN_EMPTY_BODY = YES;
				CLANG_WARN_ENUM_CONVERSION = YES;
				CLANG_WARN_INFINITE_RECURSION = YES;
				CLANG_WARN_INT_CONVERSION = YES;
				CLANG_WARN_NON_LITERAL_NULL_CONVERSION = YES;
				CLANG_WARN_OBJC_IMPLICIT_RETAIN_SELF = YES;
				CLANG_WARN_OBJC_LITERAL_CONVERSION = YES;
				CLANG_WARN_OBJC_ROOT_CLASS = YES_ERROR;
				CLANG_WARN_QUOTED_INCLUDE_IN_FRAMEWORK_HEADER = YES;
				CLANG_WARN_RANGE_LOOP_ANALYSIS = YES;
				CLANG_WARN_STRICT_PROTOTYPES = YES;
				CLANG_WARN_SUSPICIOUS_MOVE = YES;
				CLANG_WARN_UNGUARDED_AVAILABILITY = YES_AGGRESSIVE;
				CLANG_WARN_UNREACHABLE_CODE = YES;
				CLANG_WARN__DUPLICATE_METHOD_MATCH = YES;
				COPY_PHASE_STRIP = NO;
				DEBUG_INFORMATION_FORMAT = dwarf;
				ENABLE_STRICT_OBJC_MSGSEND = YES;
				ENABLE_TESTABILITY = YES;
				GCC_C_LANGUAGE_STANDARD = gnu11;
				GCC_DYNAMIC_NO_PIC = NO;
				GCC_NO_COMMON_BLOCKS = YES;
				GCC_OPTIMIZATION_LEVEL = 0;
				GCC_PREPROCESSOR_DEFINITIONS = (
					"DEBUG=1",
					"$(inherited)",
				);
				GCC_WARN_64_TO_32_BIT_CONVERSION = YES;
				GCC_WARN_ABOUT_RETURN_TYPE = YES_ERROR;
				GCC_WARN_UNDECLARED_SELECTOR = YES;
				GCC_WARN_UNINITIALIZED_AUTOS = YES_AGGRESSIVE;
				GCC_WARN_UNUSED_FUNCTION = YES;
				GCC_WARN_UNUSED_VARIABLE = YES;
				IPHONEOS_DEPLOYMENT_TARGET = 15.2;
				MTL_ENABLE_DEBUG_INFO = INCLUDE_SOURCE;
				MTL_FAST_MATH = YES;
				ONLY_ACTIVE_ARCH = YES;
				SDKROOT = iphoneos;
				SWIFT_ACTIVE_COMPILATION_CONDITIONS = DEBUG;
				SWIFT_OPTIMIZATION_LEVEL = "-Onone";
			};
			name = Debug;
		};
		DDED8B7327EC72930057D477 /* Release */ = {
			isa = XCBuildConfiguration;
			buildSettings = {
				ALWAYS_SEARCH_USER_PATHS = NO;
				CLANG_ANALYZER_NONNULL = YES;
				CLANG_ANALYZER_NUMBER_OBJECT_CONVERSION = YES_AGGRESSIVE;
				CLANG_CXX_LANGUAGE_STANDARD = "gnu++17";
				CLANG_CXX_LIBRARY = "libc++";
				CLANG_ENABLE_MODULES = YES;
				CLANG_ENABLE_OBJC_ARC = YES;
				CLANG_ENABLE_OBJC_WEAK = YES;
				CLANG_WARN_BLOCK_CAPTURE_AUTORELEASING = YES;
				CLANG_WARN_BOOL_CONVERSION = YES;
				CLANG_WARN_COMMA = YES;
				CLANG_WARN_CONSTANT_CONVERSION = YES;
				CLANG_WARN_DEPRECATED_OBJC_IMPLEMENTATIONS = YES;
				CLANG_WARN_DIRECT_OBJC_ISA_USAGE = YES_ERROR;
				CLANG_WARN_DOCUMENTATION_COMMENTS = YES;
				CLANG_WARN_EMPTY_BODY = YES;
				CLANG_WARN_ENUM_CONVERSION = YES;
				CLANG_WARN_INFINITE_RECURSION = YES;
				CLANG_WARN_INT_CONVERSION = YES;
				CLANG_WARN_NON_LITERAL_NULL_CONVERSION = YES;
				CLANG_WARN_OBJC_IMPLICIT_RETAIN_SELF = YES;
				CLANG_WARN_OBJC_LITERAL_CONVERSION = YES;
				CLANG_WARN_OBJC_ROOT_CLASS = YES_ERROR;
				CLANG_WARN_QUOTED_INCLUDE_IN_FRAMEWORK_HEADER = YES;
				CLANG_WARN_RANGE_LOOP_ANALYSIS = YES;
				CLANG_WARN_STRICT_PROTOTYPES = YES;
				CLANG_WARN_SUSPICIOUS_MOVE = YES;
				CLANG_WARN_UNGUARDED_AVAILABILITY = YES_AGGRESSIVE;
				CLANG_WARN_UNREACHABLE_CODE = YES;
				CLANG_WARN__DUPLICATE_METHOD_MATCH = YES;
				COPY_PHASE_STRIP = NO;
				DEBUG_INFORMATION_FORMAT = "dwarf-with-dsym";
				ENABLE_NS_ASSERTIONS = NO;
				ENABLE_STRICT_OBJC_MSGSEND = YES;
				GCC_C_LANGUAGE_STANDARD = gnu11;
				GCC_NO_COMMON_BLOCKS = YES;
				GCC_WARN_64_TO_32_BIT_CONVERSION = YES;
				GCC_WARN_ABOUT_RETURN_TYPE = YES_ERROR;
				GCC_WARN_UNDECLARED_SELECTOR = YES;
				GCC_WARN_UNINITIALIZED_AUTOS = YES_AGGRESSIVE;
				GCC_WARN_UNUSED_FUNCTION = YES;
				GCC_WARN_UNUSED_VARIABLE = YES;
				IPHONEOS_DEPLOYMENT_TARGET = 15.2;
				MTL_ENABLE_DEBUG_INFO = NO;
				MTL_FAST_MATH = YES;
				SDKROOT = iphoneos;
				SWIFT_COMPILATION_MODE = wholemodule;
				SWIFT_OPTIMIZATION_LEVEL = "-O";
				VALIDATE_PRODUCT = YES;
			};
			name = Release;
		};
		DDED8B7527EC72930057D477 /* Debug */ = {
			isa = XCBuildConfiguration;
			buildSettings = {
				ASSETCATALOG_COMPILER_APPICON_NAME = AppIcon;
				ASSETCATALOG_COMPILER_GLOBAL_ACCENT_COLOR_NAME = AccentColor;
				CODE_SIGN_ENTITLEMENTS = Schabi/SchabiDebug.entitlements;
				CODE_SIGN_STYLE = Automatic;
				CURRENT_PROJECT_VERSION = 1;
				DEVELOPMENT_TEAM = 595TEE9LSF;
				GENERATE_INFOPLIST_FILE = YES;
				INFOPLIST_FILE = Schabi/Info.plist;
				INFOPLIST_KEY_UIApplicationSupportsIndirectInputEvents = YES;
				INFOPLIST_KEY_UILaunchStoryboardName = LaunchScreen;
				INFOPLIST_KEY_UIMainStoryboardFile = Main;
				INFOPLIST_KEY_UISupportedInterfaceOrientations_iPad = "UIInterfaceOrientationPortrait UIInterfaceOrientationPortraitUpsideDown UIInterfaceOrientationLandscapeLeft UIInterfaceOrientationLandscapeRight";
				INFOPLIST_KEY_UISupportedInterfaceOrientations_iPhone = "UIInterfaceOrientationPortrait UIInterfaceOrientationLandscapeLeft UIInterfaceOrientationLandscapeRight";
				IPHONEOS_DEPLOYMENT_TARGET = 14.0;
				LD_RUNPATH_SEARCH_PATHS = (
					"$(inherited)",
					"@executable_path/Frameworks",
				);
				MARKETING_VERSION = 1.0;
				PRODUCT_BUNDLE_IDENTIFIER = au.com.sailer.ios.Schabi;
				PRODUCT_NAME = "$(TARGET_NAME)";
				SWIFT_EMIT_LOC_STRINGS = YES;
				SWIFT_VERSION = 5.0;
				TARGETED_DEVICE_FAMILY = "1,2";
			};
			name = Debug;
		};
		DDED8B7627EC72930057D477 /* Release */ = {
			isa = XCBuildConfiguration;
			buildSettings = {
				ASSETCATALOG_COMPILER_APPICON_NAME = AppIcon;
				ASSETCATALOG_COMPILER_GLOBAL_ACCENT_COLOR_NAME = AccentColor;
				CODE_SIGN_ENTITLEMENTS = Schabi/SchabiRelease.entitlements;
				CODE_SIGN_STYLE = Automatic;
				CURRENT_PROJECT_VERSION = 1;
				DEVELOPMENT_TEAM = 595TEE9LSF;
				GENERATE_INFOPLIST_FILE = YES;
				INFOPLIST_FILE = Schabi/Info.plist;
				INFOPLIST_KEY_UIApplicationSupportsIndirectInputEvents = YES;
				INFOPLIST_KEY_UILaunchStoryboardName = LaunchScreen;
				INFOPLIST_KEY_UIMainStoryboardFile = Main;
				INFOPLIST_KEY_UISupportedInterfaceOrientations_iPad = "UIInterfaceOrientationPortrait UIInterfaceOrientationPortraitUpsideDown UIInterfaceOrientationLandscapeLeft UIInterfaceOrientationLandscapeRight";
				INFOPLIST_KEY_UISupportedInterfaceOrientations_iPhone = "UIInterfaceOrientationPortrait UIInterfaceOrientationLandscapeLeft UIInterfaceOrientationLandscapeRight";
				IPHONEOS_DEPLOYMENT_TARGET = 14.0;
				LD_RUNPATH_SEARCH_PATHS = (
					"$(inherited)",
					"@executable_path/Frameworks",
				);
				MARKETING_VERSION = 1.0;
				PRODUCT_BUNDLE_IDENTIFIER = au.com.sailer.ios.Schabi;
				PRODUCT_NAME = "$(TARGET_NAME)";
				SWIFT_EMIT_LOC_STRINGS = YES;
				SWIFT_VERSION = 5.0;
				TARGETED_DEVICE_FAMILY = "1,2";
			};
			name = Release;
		};
		DDED8B7827EC72930057D477 /* Debug */ = {
			isa = XCBuildConfiguration;
			buildSettings = {
				ALWAYS_EMBED_SWIFT_STANDARD_LIBRARIES = YES;
				BUNDLE_LOADER = "$(TEST_HOST)";
				CODE_SIGN_STYLE = Automatic;
				CURRENT_PROJECT_VERSION = 1;
				DEVELOPMENT_TEAM = 595TEE9LSF;
				GENERATE_INFOPLIST_FILE = YES;
				IPHONEOS_DEPLOYMENT_TARGET = 15.2;
				MARKETING_VERSION = 1.0;
				PRODUCT_BUNDLE_IDENTIFIER = au.com.sailer.ios.SchabiTests;
				PRODUCT_NAME = "$(TARGET_NAME)";
				SWIFT_EMIT_LOC_STRINGS = NO;
				SWIFT_VERSION = 5.0;
				TARGETED_DEVICE_FAMILY = "1,2";
				TEST_HOST = "$(BUILT_PRODUCTS_DIR)/Schabi.app/Schabi";
			};
			name = Debug;
		};
		DDED8B7927EC72930057D477 /* Release */ = {
			isa = XCBuildConfiguration;
			buildSettings = {
				ALWAYS_EMBED_SWIFT_STANDARD_LIBRARIES = YES;
				BUNDLE_LOADER = "$(TEST_HOST)";
				CODE_SIGN_STYLE = Automatic;
				CURRENT_PROJECT_VERSION = 1;
				DEVELOPMENT_TEAM = 595TEE9LSF;
				GENERATE_INFOPLIST_FILE = YES;
				IPHONEOS_DEPLOYMENT_TARGET = 15.2;
				MARKETING_VERSION = 1.0;
				PRODUCT_BUNDLE_IDENTIFIER = au.com.sailer.ios.SchabiTests;
				PRODUCT_NAME = "$(TARGET_NAME)";
				SWIFT_EMIT_LOC_STRINGS = NO;
				SWIFT_VERSION = 5.0;
				TARGETED_DEVICE_FAMILY = "1,2";
				TEST_HOST = "$(BUILT_PRODUCTS_DIR)/Schabi.app/Schabi";
			};
			name = Release;
		};
		DDED8B7B27EC72930057D477 /* Debug */ = {
			isa = XCBuildConfiguration;
			buildSettings = {
				ALWAYS_EMBED_SWIFT_STANDARD_LIBRARIES = YES;
				"CODE_SIGN_IDENTITY[sdk=macosx*]" = "Apple Development";
				CODE_SIGN_STYLE = Automatic;
				CURRENT_PROJECT_VERSION = 1;
				DEVELOPMENT_TEAM = 595TEE9LSF;
				GENERATE_INFOPLIST_FILE = YES;
				MARKETING_VERSION = 1.0;
				PRODUCT_BUNDLE_IDENTIFIER = au.com.sailer.ios.SchabiUITests;
				PRODUCT_NAME = "$(TARGET_NAME)";
				SWIFT_EMIT_LOC_STRINGS = NO;
				SWIFT_VERSION = 5.0;
				TARGETED_DEVICE_FAMILY = "1,2";
				TEST_TARGET_NAME = Schabi;
			};
			name = Debug;
		};
		DDED8B7C27EC72930057D477 /* Release */ = {
			isa = XCBuildConfiguration;
			buildSettings = {
				ALWAYS_EMBED_SWIFT_STANDARD_LIBRARIES = YES;
				"CODE_SIGN_IDENTITY[sdk=macosx*]" = "Apple Development";
				CODE_SIGN_STYLE = Automatic;
				CURRENT_PROJECT_VERSION = 1;
				DEVELOPMENT_TEAM = 595TEE9LSF;
				GENERATE_INFOPLIST_FILE = YES;
				MARKETING_VERSION = 1.0;
				PRODUCT_BUNDLE_IDENTIFIER = au.com.sailer.ios.SchabiUITests;
				PRODUCT_NAME = "$(TARGET_NAME)";
				SWIFT_EMIT_LOC_STRINGS = NO;
				SWIFT_VERSION = 5.0;
				TARGETED_DEVICE_FAMILY = "1,2";
				TEST_TARGET_NAME = Schabi;
			};
			name = Release;
		};
/* End XCBuildConfiguration section */

/* Begin XCConfigurationList section */
		DDED8B4527EC72920057D477 /* Build configuration list for PBXProject "Schabi" */ = {
			isa = XCConfigurationList;
			buildConfigurations = (
				DDED8B7227EC72930057D477 /* Debug */,
				DDED8B7327EC72930057D477 /* Release */,
			);
			defaultConfigurationIsVisible = 0;
			defaultConfigurationName = Release;
		};
		DDED8B7427EC72930057D477 /* Build configuration list for PBXNativeTarget "Schabi" */ = {
			isa = XCConfigurationList;
			buildConfigurations = (
				DDED8B7527EC72930057D477 /* Debug */,
				DDED8B7627EC72930057D477 /* Release */,
			);
			defaultConfigurationIsVisible = 0;
			defaultConfigurationName = Release;
		};
		DDED8B7727EC72930057D477 /* Build configuration list for PBXNativeTarget "SchabiTests" */ = {
			isa = XCConfigurationList;
			buildConfigurations = (
				DDED8B7827EC72930057D477 /* Debug */,
				DDED8B7927EC72930057D477 /* Release */,
			);
			defaultConfigurationIsVisible = 0;
			defaultConfigurationName = Release;
		};
		DDED8B7A27EC72930057D477 /* Build configuration list for PBXNativeTarget "SchabiUITests" */ = {
			isa = XCConfigurationList;
			buildConfigurations = (
				DDED8B7B27EC72930057D477 /* Debug */,
				DDED8B7C27EC72930057D477 /* Release */,
			);
			defaultConfigurationIsVisible = 0;
			defaultConfigurationName = Release;
		};
/* End XCConfigurationList section */
	};
	rootObject = DDED8B4227EC72920057D477 /* Project object */;
}
